version = 1
revision = 3
requires-python = ">=3.10"

[[package]]
name = "colorama"
version = "0.4.6"
source = { registry = "https://pypi.org/simple" }
sdist = { url = "https://files.pythonhosted.org/packages/d8/53/6f443c9a4a8358a93a6792e2acffb9d9d5cb0a5cfd8802644b7b1c9a02e4/colorama-0.4.6.tar.gz", hash = "sha256:08695f5cb7ed6e0531a20572697297273c47b8cae5a63ffc6d6ed5c201be6e44", size = 27697, upload-time = "2022-10-25T02:36:22.414Z" }
wheels = [
    { url = "https://files.pythonhosted.org/packages/d1/d6/3965ed04c63042e047cb6a3e6ed1a63a35087b6a609aa3a15ed8ac56c221/colorama-0.4.6-py2.py3-none-any.whl", hash = "sha256:4f1d9991f5acc0ca119f9d443620b77f9d6b33703e51011c16baf57afb285fc6", size = 25335, upload-time = "2022-10-25T02:36:20.889Z" },
]

[[package]]
name = "coverage"
version = "7.13.4"
source = { registry = "https://pypi.org/simple" }
sdist = { url = "https://files.pythonhosted.org/packages/24/56/95b7e30fa389756cb56630faa728da46a27b8c6eb46f9d557c68fff12b65/coverage-7.13.4.tar.gz", hash = "sha256:e5c8f6ed1e61a8b2dcdf31eb0b9bbf0130750ca79c1c49eb898e2ad86f5ccc91", size = 827239, upload-time = "2026-02-09T12:59:03.86Z" }
wheels = [
    { url = "https://files.pythonhosted.org/packages/db/23/aad45061a31677d68e47499197a131eea55da4875d16c1f42021ab963503/coverage-7.13.4-cp313-cp313-macosx_10_13_x86_64.whl", hash = "sha256:b66a2da594b6068b48b2692f043f35d4d3693fb639d5ea8b39533c2ad9ac3ab9", size = 219474, upload-time = "2026-02-09T12:57:19.332Z" },
    { url = "https://files.pythonhosted.org/packages/a5/70/9b8b67a0945f3dfec1fd896c5cefb7c19d5a3a6d74630b99a895170999ae/coverage-7.13.4-cp313-cp313-macosx_11_0_arm64.whl", hash = "sha256:3599eb3992d814d23b35c536c28df1a882caa950f8f507cef23d1cbf334995ac", size = 219844, upload-time = "2026-02-09T12:57:20.66Z" },
    { url = "https://files.pythonhosted.org/packages/97/fd/7e859f8fab324cef6c4ad7cff156ca7c489fef9179d5749b0c8d321281c2/coverage-7.13.4-cp313-cp313-manylinux1_i686.manylinux_2_28_i686.manylinux_2_5_i686.whl", hash = "sha256:93550784d9281e374fb5a12bf1324cc8a963fd63b2d2f223503ef0fd4aa339ea", size = 250832, upload-time = "2026-02-09T12:57:22.007Z" },
    { url = "https://files.pythonhosted.org/packages/e4/dc/b2442d10020c2f52617828862d8b6ee337859cd8f3a1f13d607dddda9cf7/coverage-7.13.4-cp313-cp313-manylinux1_x86_64.manylinux_2_28_x86_64.manylinux_2_5_x86_64.whl", hash = "sha256:b720ce6a88a2755f7c697c23268ddc47a571b88052e6b155224347389fdf6a3b", size = 253434, upload-time = "2026-02-09T12:57:23.339Z" },
    { url = "https://files.pythonhosted.org/packages/5a/88/6728a7ad17428b18d836540630487231f5470fb82454871149502f5e5aa2/coverage-7.13.4-cp313-cp313-manylinux2014_aarch64.manylinux_2_17_aarch64.manylinux_2_28_aarch64.whl", hash = "sha256:7b322db1284a2ed3aa28ffd8ebe3db91c929b7a333c0820abec3d838ef5b3525", size = 254676, upload-time = "2026-02-09T12:57:24.774Z" },
    { url = "https://files.pythonhosted.org/packages/7c/bc/21244b1b8cedf0dff0a2b53b208015fe798d5f2a8d5348dbfece04224fff/coverage-7.13.4-cp313-cp313-manylinux2014_ppc64le.manylinux_2_17_ppc64le.manylinux_2_28_ppc64le.whl", hash = "sha256:f4594c67d8a7c89cf922d9df0438c7c7bb022ad506eddb0fdb2863359ff78242", size = 256807, upload-time = "2026-02-09T12:57:26.125Z" },
    { url = "https://files.pythonhosted.org/packages/97/a0/ddba7ed3251cff51006737a727d84e05b61517d1784a9988a846ba508877/coverage-7.13.4-cp313-cp313-manylinux_2_31_riscv64.manylinux_2_39_riscv64.whl", hash = "sha256:53d133df809c743eb8bce33b24bcababb371f4441340578cd406e084d94a6148", size = 251058, upload-time = "2026-02-09T12:57:27.614Z" },
    { url = "https://files.pythonhosted.org/packages/9b/55/e289addf7ff54d3a540526f33751951bf0878f3809b47f6dfb3def69c6f7/coverage-7.13.4-cp313-cp313-musllinux_1_2_aarch64.whl", hash = "sha256:76451d1978b95ba6507a039090ba076105c87cc76fc3efd5d35d72093964d49a", size = 252805, upload-time = "2026-02-09T12:57:29.066Z" },
    { url = "https://files.pythonhosted.org/packages/13/4e/cc276b1fa4a59be56d96f1dabddbdc30f4ba22e3b1cd42504c37b3313255/coverage-7.13.4-cp313-cp313-musllinux_1_2_i686.whl", hash = "sha256:7f57b33491e281e962021de110b451ab8a24182589be17e12a22c79047935e23", size = 250766, upload-time = "2026-02-09T12:57:30.522Z" },
    { url = "https://files.pythonhosted.org/packages/94/44/1093b8f93018f8b41a8cf29636c9292502f05e4a113d4d107d14a3acd044/coverage-7.13.4-cp313-cp313-musllinux_1_2_ppc64le.whl", hash = "sha256:1731dc33dc276dafc410a885cbf5992f1ff171393e48a21453b78727d090de80", size = 254923, upload-time = "2026-02-09T12:57:31.946Z" },
    { url = "https://files.pythonhosted.org/packages/8b/55/ea2796da2d42257f37dbea1aab239ba9263b31bd91d5527cdd6db5efe174/coverage-7.13.4-cp313-cp313-musllinux_1_2_riscv64.whl", hash = "sha256:bd60d4fe2f6fa7dff9223ca1bbc9f05d2b6697bc5961072e5d3b952d46e1b1ea", size = 250591, upload-time = "2026-02-09T12:57:33.842Z" },
    { url = "https://files.pythonhosted.org/packages/d4/fa/7c4bb72aacf8af5020675aa633e59c1fbe296d22aed191b6a5b711eb2bc7/coverage-7.13.4-cp313-cp313-musllinux_1_2_x86_64.whl", hash = "sha256:9181a3ccead280b828fae232df12b16652702b49d41e99d657f46cc7b1f6ec7a", size = 252364, upload-time = "2026-02-09T12:57:35.743Z" },
    { url = "https://files.pythonhosted.org/packages/5c/38/a8d2ec0146479c20bbaa7181b5b455a0c41101eed57f10dd19a78ab44c80/coverage-7.13.4-cp313-cp313-win32.whl", hash = "sha256:f53d492307962561ac7de4cd1de3e363589b000ab69617c6156a16ba7237998d", size = 222010, upload-time = "2026-02-09T12:57:37.25Z" },
    { url = "https://files.pythonhosted.org/packages/e2/0c/dbfafbe90a185943dcfbc766fe0e1909f658811492d79b741523a414a6cc/coverage-7.13.4-cp313-cp313-win_amd64.whl", hash = "sha256:e6f70dec1cc557e52df5306d051ef56003f74d56e9c4dd7ddb07e07ef32a84dd", size = 222818, upload-time = "2026-02-09T12:57:38.734Z" },
    { url = "https://files.pythonhosted.org/packages/04/d1/934918a138c932c90d78301f45f677fb05c39a3112b96fd2c8e60503cdc7/coverage-7.13.4-cp313-cp313-win_arm64.whl", hash = "sha256:fb07dc5da7e849e2ad31a5d74e9bece81f30ecf5a42909d0a695f8bd1874d6af", size = 221438, upload-time = "2026-02-09T12:57:40.223Z" },
    { url = "https://files.pythonhosted.org/packages/52/57/ee93ced533bcb3e6df961c0c6e42da2fc6addae53fb95b94a89b1e33ebd7/coverage-7.13.4-cp313-cp313t-macosx_10_13_x86_64.whl", hash = "sha256:40d74da8e6c4b9ac18b15331c4b5ebc35a17069410cad462ad4f40dcd2d50c0d", size = 220165, upload-time = "2026-02-09T12:57:41.639Z" },
    { url = "https://files.pythonhosted.org/packages/c5/e0/969fc285a6fbdda49d91af278488d904dcd7651b2693872f0ff94e40e84a/coverage-7.13.4-cp313-cp313t-macosx_11_0_arm64.whl", hash = "sha256:4223b4230a376138939a9173f1bdd6521994f2aff8047fae100d6d94d50c5a12", size = 220516, upload-time = "2026-02-09T12:57:44.215Z" },
    { url = "https://files.pythonhosted.org/packages/b1/b8/9531944e16267e2735a30a9641ff49671f07e8138ecf1ca13db9fd2560c7/coverage-7.13.4-cp313-cp313t-manylinux1_i686.manylinux_2_28_i686.manylinux_2_5_i686.whl", hash = "sha256:1d4be36a5114c499f9f1f9195e95ebf979460dbe2d88e6816ea202010ba1c34b", size = 261804, upload-time = "2026-02-09T12:57:45.989Z" },
    { url = "https://files.pythonhosted.org/packages/8a/f3/e63df6d500314a2a60390d1989240d5f27318a7a68fa30ad3806e2a9323e/coverage-7.13.4-cp313-cp313t-manylinux1_x86_64.manylinux_2_28_x86_64.manylinux_2_5_x86_64.whl", hash = "sha256:200dea7d1e8095cc6e98cdabe3fd1d21ab17d3cee6dab00cadbb2fe35d9c15b9", size = 263885, upload-time = "2026-02-09T12:57:47.42Z" },
    { url = "https://files.pythonhosted.org/packages/f3/67/7654810de580e14b37670b60a09c599fa348e48312db5b216d730857ffe6/coverage-7.13.4-cp313-cp313t-manylinux2014_aarch64.manylinux_2_17_aarch64.manylinux_2_28_aarch64.whl", hash = "sha256:b8eb931ee8e6d8243e253e5ed7336deea6904369d2fd8ae6e43f68abbf167092", size = 266308, upload-time = "2026-02-09T12:57:49.345Z" },
    { url = "https://files.pythonhosted.org/packages/37/6f/39d41eca0eab3cc82115953ad41c4e77935286c930e8fad15eaed1389d83/coverage-7.13.4-cp313-cp313t-manylinux2014_ppc64le.manylinux_2_17_ppc64le.manylinux_2_28_ppc64le.whl", hash = "sha256:75eab1ebe4f2f64d9509b984f9314d4aa788540368218b858dad56dc8f3e5eb9", size = 267452, upload-time = "2026-02-09T12:57:50.811Z" },
    { url = "https://files.pythonhosted.org/packages/50/6d/39c0fbb8fc5cd4d2090811e553c2108cf5112e882f82505ee7495349a6bf/coverage-7.13.4-cp313-cp313t-manylinux_2_31_riscv64.manylinux_2_39_riscv64.whl", hash = "sha256:c35eb28c1d085eb7d8c9b3296567a1bebe03ce72962e932431b9a61f28facf26", size = 261057, upload-time = "2026-02-09T12:57:52.447Z" },
    { url = "https://files.pythonhosted.org/packages/a4/a2/60010c669df5fa603bb5a97fb75407e191a846510da70ac657eb696b7fce/coverage-7.13.4-cp313-cp313t-musllinux_1_2_aarch64.whl", hash = "sha256:eb88b316ec33760714a4720feb2816a3a59180fd58c1985012054fa7aebee4c2", size = 263875, upload-time = "2026-02-09T12:57:53.938Z" },
    { url = "https://files.pythonhosted.org/packages/3e/d9/63b22a6bdbd17f1f96e9ed58604c2a6b0e72a9133e37d663bef185877cf6/coverage-7.13.4-cp313-cp313t-musllinux_1_2_i686.whl", hash = "sha256:7d41eead3cc673cbd38a4417deb7fd0b4ca26954ff7dc6078e33f6ff97bed940", size = 261500, upload-time = "2026-02-09T12:57:56.012Z" },
    { url = "https://files.pythonhosted.org/packages/70/bf/69f86ba1ad85bc3ad240e4c0e57a2e620fbc0e1645a47b5c62f0e941ad7f/coverage-7.13.4-cp313-cp313t-musllinux_1_2_ppc64le.whl", hash = "sha256:fb26a934946a6afe0e326aebe0730cdff393a8bc0bbb65a2f41e30feddca399c", size = 265212, upload-time = "2026-02-09T12:57:57.5Z" },
    { url = "https://files.pythonhosted.org/packages/ae/f2/5f65a278a8c2148731831574c73e42f57204243d33bedaaf18fa79c5958f/coverage-7.13.4-cp313-cp313t-musllinux_1_2_riscv64.whl", hash = "sha256:dae88bc0fc77edaa65c14be099bd57ee140cf507e6bfdeea7938457ab387efb0", size = 260398, upload-time = "2026-02-09T12:57:59.027Z" },
    { url = "https://files.pythonhosted.org/packages/ef/80/6e8280a350ee9fea92f14b8357448a242dcaa243cb2c72ab0ca591f66c8c/coverage-7.13.4-cp313-cp313t-musllinux_1_2_x86_64.whl", hash = "sha256:845f352911777a8e722bfce168958214951e07e47e5d5d9744109fa5fe77f79b", size = 262584, upload-time = "2026-02-09T12:58:01.129Z" },
    { url = "https://files.pythonhosted.org/packages/22/63/01ff182fc95f260b539590fb12c11ad3e21332c15f9799cb5e2386f71d9f/coverage-7.13.4-cp313-cp313t-win32.whl", hash = "sha256:2fa8d5f8de70688a28240de9e139fa16b153cc3cbb01c5f16d88d6505ebdadf9", size = 222688, upload-time = "2026-02-09T12:58:02.736Z" },
    { url = "https://files.pythonhosted.org/packages/a9/43/89de4ef5d3cd53b886afa114065f7e9d3707bdb3e5efae13535b46ae483d/coverage-7.13.4-cp313-cp313t-win_amd64.whl", hash = "sha256:9351229c8c8407645840edcc277f4a2d44814d1bc34a2128c11c2a031d45a5dd", size = 223746, upload-time = "2026-02-09T12:58:05.362Z" },
    { url = "https://files.pythonhosted.org/packages/35/39/7cf0aa9a10d470a5309b38b289b9bb07ddeac5d61af9b664fe9775a4cb3e/coverage-7.13.4-cp313-cp313t-win_arm64.whl", hash = "sha256:30b8d0512f2dc8c8747557e8fb459d6176a2c9e5731e2b74d311c03b78451997", size = 222003, upload-time = "2026-02-09T12:58:06.952Z" },
    { url = "https://files.pythonhosted.org/packages/92/11/a9cf762bb83386467737d32187756a42094927150c3e107df4cb078e8590/coverage-7.13.4-cp314-cp314-macosx_10_15_x86_64.whl", hash = "sha256:300deaee342f90696ed186e3a00c71b5b3d27bffe9e827677954f4ee56969601", size = 219522, upload-time = "2026-02-09T12:58:08.623Z" },
    { url = "https://files.pythonhosted.org/packages/d3/28/56e6d892b7b052236d67c95f1936b6a7cf7c3e2634bf27610b8cbd7f9c60/coverage-7.13.4-cp314-cp314-macosx_11_0_arm64.whl", hash = "sha256:29e3220258d682b6226a9b0925bc563ed9a1ebcff3cad30f043eceea7eaf2689", size = 219855, upload-time = "2026-02-09T12:58:10.176Z" },
    { url = "https://files.pythonhosted.org/packages/e5/69/233459ee9eb0c0d10fcc2fe425a029b3fa5ce0f040c966ebce851d030c70/coverage-7.13.4-cp314-cp314-manylinux1_i686.manylinux_2_28_i686.manylinux_2_5_i686.whl", hash = "sha256:391ee8f19bef69210978363ca930f7328081c6a0152f1166c91f0b5fdd2a773c", size = 250887, upload-time = "2026-02-09T12:58:12.503Z" },
    { url = "https://files.pythonhosted.org/packages/06/90/2cdab0974b9b5bbc1623f7876b73603aecac11b8d95b85b5b86b32de5eab/coverage-7.13.4-cp314-cp314-manylinux1_x86_64.manylinux_2_28_x86_64.manylinux_2_5_x86_64.whl", hash = "sha256:0dd7ab8278f0d58a0128ba2fca25824321f05d059c1441800e934ff2efa52129", size = 253396, upload-time = "2026-02-09T12:58:14.615Z" },
    { url = "https://files.pythonhosted.org/packages/ac/15/ea4da0f85bf7d7b27635039e649e99deb8173fe551096ea15017f7053537/coverage-7.13.4-cp314-cp314-manylinux2014_aarch64.manylinux_2_17_aarch64.manylinux_2_28_aarch64.whl", hash = "sha256:78cdf0d578b15148b009ccf18c686aa4f719d887e76e6b40c38ffb61d264a552", size = 254745, upload-time = "2026-02-09T12:58:16.162Z" },
    { url = "https://files.pythonhosted.org/packages/99/11/bb356e86920c655ca4d61daee4e2bbc7258f0a37de0be32d233b561134ff/coverage-7.13.4-cp314-cp314-manylinux2014_ppc64le.manylinux_2_17_ppc64le.manylinux_2_28_ppc64le.whl", hash = "sha256:48685fee12c2eb3b27c62f2658e7ea21e9c3239cba5a8a242801a0a3f6a8c62a", size = 257055, upload-time = "2026-02-09T12:58:17.892Z" },
    { url = "https://files.pythonhosted.org/packages/c9/0f/9ae1f8cb17029e09da06ca4e28c9e1d5c1c0a511c7074592e37e0836c915/coverage-7.13.4-cp314-cp314-manylinux_2_31_riscv64.manylinux_2_39_riscv64.whl", hash = "sha256:4e83efc079eb39480e6346a15a1bcb3e9b04759c5202d157e1dd4303cd619356", size = 250911, upload-time = "2026-02-09T12:58:19.495Z" },
    { url = "https://files.pythonhosted.org/packages/89/3a/adfb68558fa815cbc29747b553bc833d2150228f251b127f1ce97e48547c/coverage-7.13.4-cp314-cp314-musllinux_1_2_aarch64.whl", hash = "sha256:ecae9737b72408d6a950f7e525f30aca12d4bd8dd95e37342e5beb3a2a8c4f71", size = 252754, upload-time = "2026-02-09T12:58:21.064Z" },
    { url = "https://files.pythonhosted.org/packages/32/b1/540d0c27c4e748bd3cd0bd001076ee416eda993c2bae47a73b7cc9357931/coverage-7.13.4-cp314-cp314-musllinux_1_2_i686.whl", hash = "sha256:ae4578f8528569d3cf303fef2ea569c7f4c4059a38c8667ccef15c6e1f118aa5", size = 250720, upload-time = "2026-02-09T12:58:22.622Z" },
    { url = "https://files.pythonhosted.org/packages/c7/95/383609462b3ffb1fe133014a7c84fc0dd01ed55ac6140fa1093b5af7ebb1/coverage-7.13.4-cp314-cp314-musllinux_1_2_ppc64le.whl", hash = "sha256:6fdef321fdfbb30a197efa02d48fcd9981f0d8ad2ae8903ac318adc653f5df98", size = 254994, upload-time = "2026-02-09T12:58:24.548Z" },
    { url = "https://files.pythonhosted.org/packages/f7/ba/1761138e86c81680bfc3c49579d66312865457f9fe405b033184e5793cb3/coverage-7.13.4-cp314-cp314-musllinux_1_2_riscv64.whl", hash = "sha256:2b0f6ccf3dbe577170bebfce1318707d0e8c3650003cb4b3a9dd744575daa8b5", size = 250531, upload-time = "2026-02-09T12:58:26.271Z" },
    { url = "https://files.pythonhosted.org/packages/f8/8e/05900df797a9c11837ab59c4d6fe94094e029582aab75c3309a93e6fb4e3/coverage-7.13.4-cp314-cp314-musllinux_1_2_x86_64.whl", hash = "sha256:75fcd519f2a5765db3f0e391eb3b7d150cce1a771bf4c9f861aeab86c767a3c0", size = 252189, upload-time = "2026-02-09T12:58:27.807Z" },
    { url = "https://files.pythonhosted.org/packages/00/bd/29c9f2db9ea4ed2738b8a9508c35626eb205d51af4ab7bf56a21a2e49926/coverage-7.13.4-cp314-cp314-win32.whl", hash = "sha256:8e798c266c378da2bd819b0677df41ab46d78065fb2a399558f3f6cae78b2fbb", size = 222258, upload-time = "2026-02-09T12:58:29.441Z" },
    { url = "https://files.pythonhosted.org/packages/a7/4d/1f8e723f6829977410efeb88f73673d794075091c8c7c18848d273dc9d73/coverage-7.13.4-cp314-cp314-win_amd64.whl", hash = "sha256:245e37f664d89861cf2329c9afa2c1fe9e6d4e1a09d872c947e70718aeeac505", size = 223073, upload-time = "2026-02-09T12:58:31.026Z" },
    { url = "https://files.pythonhosted.org/packages/51/5b/84100025be913b44e082ea32abcf1afbf4e872f5120b7a1cab1d331b1e13/coverage-7.13.4-cp314-cp314-win_arm64.whl", hash = "sha256:ad27098a189e5838900ce4c2a99f2fe42a0bf0c2093c17c69b45a71579e8d4a2", size = 221638, upload-time = "2026-02-09T12:58:32.599Z" },
    { url = "https://files.pythonhosted.org/packages/a7/e4/c884a405d6ead1370433dad1e3720216b4f9fd8ef5b64bfd984a2a60a11a/coverage-7.13.4-cp314-cp314t-macosx_10_15_x86_64.whl", hash = "sha256:85480adfb35ffc32d40918aad81b89c69c9cc5661a9b8a81476d3e645321a056", size = 220246, upload-time = "2026-02-09T12:58:34.181Z" },
    { url = "https://files.pythonhosted.org/packages/81/5c/4d7ed8b23b233b0fffbc9dfec53c232be2e695468523242ea9fd30f97ad2/coverage-7.13.4-cp314-cp314t-macosx_11_0_arm64.whl", hash = "sha256:79be69cf7f3bf9b0deeeb062eab7ac7f36cd4cc4c4dd694bd28921ba4d8596cc", size = 220514, upload-time = "2026-02-09T12:58:35.704Z" },
    { url = "https://files.pythonhosted.org/packages/2f/6f/3284d4203fd2f28edd73034968398cd2d4cb04ab192abc8cff007ea35679/coverage-7.13.4-cp314-cp314t-manylinux1_i686.manylinux_2_28_i686.manylinux_2_5_i686.whl", hash = "sha256:caa421e2684e382c5d8973ac55e4f36bed6821a9bad5c953494de960c74595c9", size = 261877, upload-time = "2026-02-09T12:58:37.864Z" },
    { url = "https://files.pythonhosted.org/packages/09/aa/b672a647bbe1556a85337dc95bfd40d146e9965ead9cc2fe81bde1e5cbce/coverage-7.13.4-cp314-cp314t-manylinux1_x86_64.manylinux_2_28_x86_64.manylinux_2_5_x86_64.whl", hash = "sha256:14375934243ee05f56c45393fe2ce81fe5cc503c07cee2bdf1725fb8bef3ffaf", size = 264004, upload-time = "2026-02-09T12:58:39.492Z" },
    { url = "https://files.pythonhosted.org/packages/79/a1/aa384dbe9181f98bba87dd23dda436f0c6cf2e148aecbb4e50fc51c1a656/coverage-7.13.4-cp314-cp314t-manylinux2014_aarch64.manylinux_2_17_aarch64.manylinux_2_28_aarch64.whl", hash = "sha256:25a41c3104d08edb094d9db0d905ca54d0cd41c928bb6be3c4c799a54753af55", size = 266408, upload-time = "2026-02-09T12:58:41.852Z" },
    { url = "https://files.pythonhosted.org/packages/53/5e/5150bf17b4019bc600799f376bb9606941e55bd5a775dc1e096b6ffea952/coverage-7.13.4-cp314-cp314t-manylinux2014_ppc64le.manylinux_2_17_ppc64le.manylinux_2_28_ppc64le.whl", hash = "sha256:6f01afcff62bf9a08fb32b2c1d6e924236c0383c02c790732b6537269e466a72", size = 267544, upload-time = "2026-02-09T12:58:44.093Z" },
    { url = "https://files.pythonhosted.org/packages/e0/ed/f1de5c675987a4a7a672250d2c5c9d73d289dbf13410f00ed7181d8017dd/coverage-7.13.4-cp314-cp314t-manylinux_2_31_riscv64.manylinux_2_39_riscv64.whl", hash = "sha256:eb9078108fbf0bcdde37c3f4779303673c2fa1fe8f7956e68d447d0dd426d38a", size = 260980, upload-time = "2026-02-09T12:58:45.721Z" },
    { url = "https://files.pythonhosted.org/packages/b3/e3/fe758d01850aa172419a6743fe76ba8b92c29d181d4f676ffe2dae2ba631/coverage-7.13.4-cp314-cp314t-musllinux_1_2_aarch64.whl", hash = "sha256:0e086334e8537ddd17e5f16a344777c1ab8194986ec533711cbe6c41cde841b6", size = 263871, upload-time = "2026-02-09T12:58:47.334Z" },
    { url = "https://files.pythonhosted.org/packages/b6/76/b829869d464115e22499541def9796b25312b8cf235d3bb00b39f1675395/coverage-7.13.4-cp314-cp314t-musllinux_1_2_i686.whl", hash = "sha256:725d985c5ab621268b2edb8e50dfe57633dc69bda071abc470fed55a14935fd3", size = 261472, upload-time = "2026-02-09T12:58:48.995Z" },
    { url = "https://files.pythonhosted.org/packages/14/9e/caedb1679e73e2f6ad240173f55218488bfe043e38da577c4ec977489915/coverage-7.13.4-cp314-cp314t-musllinux_1_2_ppc64le.whl", hash = "sha256:3c06f0f1337c667b971ca2f975523347e63ec5e500b9aa5882d91931cd3ef750", size = 265210, upload-time = "2026-02-09T12:58:51.178Z" },
    { url = "https://files.pythonhosted.org/packages/3a/10/0dd02cb009b16ede425b49ec344aba13a6ae1dc39600840ea6abcb085ac4/coverage-7.13.4-cp314-cp314t-musllinux_1_2_riscv64.whl", hash = "sha256:590c0ed4bf8e85f745e6b805b2e1c457b2e33d5255dd9729743165253bc9ad39", size = 260319, upload-time = "2026-02-09T12:58:53.081Z" },
    { url = "https://files.pythonhosted.org/packages/92/8e/234d2c927af27c6d7a5ffad5bd2cf31634c46a477b4c7adfbfa66baf7ebb/coverage-7.13.4-cp314-cp314t-musllinux_1_2_x86_64.whl", hash = "sha256:eb30bf180de3f632cd043322dad5751390e5385108b2807368997d1a92a509d0", size = 262638, upload-time = "2026-02-09T12:58:55.258Z" },
    { url = "https://files.pythonhosted.org/packages/2f/64/e5547c8ff6964e5965c35a480855911b61509cce544f4d442caa759a0702/coverage-7.13.4-cp314-cp314t-win32.whl", hash = "sha256:c4240e7eded42d131a2d2c4dec70374b781b043ddc79a9de4d55ca71f8e98aea", size = 223040, upload-time = "2026-02-09T12:58:56.936Z" },
    { url = "https://files.pythonhosted.org/packages/c7/96/38086d58a181aac86d503dfa9c47eb20715a79c3e3acbdf786e92e5c09a8/coverage-7.13.4-cp314-cp314t-win_amd64.whl", hash = "sha256:4c7d3cc01e7350f2f0f6f7036caaf5673fb56b6998889ccfe9e1c1fe75a9c932", size = 224148, upload-time = "2026-02-09T12:58:58.645Z" },
    { url = "https://files.pythonhosted.org/packages/ce/72/8d10abd3740a0beb98c305e0c3faf454366221c0f37a8bcf8f60020bb65a/coverage-7.13.4-cp314-cp314t-win_arm64.whl", hash = "sha256:23e3f687cf945070d1c90f85db66d11e3025665d8dafa831301a0e0038f3db9b", size = 222172, upload-time = "2026-02-09T12:59:00.396Z" },
    { url = "https://files.pythonhosted.org/packages/0d/4a/331fe2caf6799d591109bb9c08083080f6de90a823695d412a935622abb2/coverage-7.13.4-py3-none-any.whl", hash = "sha256:1af1641e57cf7ba1bd67d677c9abdbcd6cc2ab7da3bca7fa1e2b7e50e65f2ad0", size = 211242, upload-time = "2026-02-09T12:59:02.032Z" },
]

[[package]]
name = "hidapi"
version = "0.15.0"
source = { registry = "https://pypi.org/simple" }
sdist = { url = "https://files.pythonhosted.org/packages/74/f6/caad9ed701fbb9223eb9e0b41a5514390769b4cb3084a2704ab69e9df0fe/hidapi-0.15.0.tar.gz", hash = "sha256:ecbc265cbe8b7b88755f421e0ba25f084091ec550c2b90ff9e8ddd4fcd540311", size = 184995, upload-time = "2025-12-09T09:48:54.129Z" }
wheels = [
    { url = "https://files.pythonhosted.org/packages/d1/19/bda2dce4af8b8028e6d611d5caf60e223a4d32a638d1155eefdc6d8f2462/hidapi-0.15.0-cp313-cp313-macosx_10_13_x86_64.whl", hash = "sha256:f336dd2dc308928d54a6fdce137814a941a3633ad6722919d7a3142dd99005c2", size = 69045, upload-time = "2025-12-09T09:45:41.534Z" },
    { url = "https://files.pythonhosted.org/packages/1b/18/9b7d6b6a7561654b9b0d7b22fba9c5c971b36f5fc541b04e02d71928349d/hidapi-0.15.0-cp313-cp313-macosx_11_0_arm64.whl", hash = "sha256:8017f2213810c3e57d9ab64c2328c593a1129b25804240108a6451fe35cde193", size = 68755, upload-time = "2025-12-09T09:45:42.464Z" },
    { url = "https://files.pythonhosted.org/packages/f1/b0/f144cee5ce9e45518d234fd07c7a4f9a66de3a78ed42bf9f3f4083165e10/hidapi-0.15.0-cp313-cp313-manylinux2014_x86_64.manylinux_2_17_x86_64.whl", hash = "sha256:208c7fc89f78c3448d55957c3e12893778aa91218ed7dc22697e554f091fe4fe", size = 1072286, upload-time = "2025-12-09T09:45:47.236Z" },
    { url = "https://files.pythonhosted.org/packages/47/bf/7fee015cc48b719bd40c6416f65084a900e7889f0cf52fcfedb9be107b10/hidapi-0.15.0-cp313-cp313-manylinux_2_28_aarch64.whl", hash = "sha256:90f8bd963ae43a44036af5d689d090fab0e3eb52861186e4d2b863dd910a2726", size = 1609789, upload-time = "2025-12-09T09:45:44.112Z" },
    { url = "https://files.pythonhosted.org/packages/d3/b6/ac33532711c2ecda5a22d8b2db3223c8a13f16db6d2793ee73a809cca5b6/hidapi-0.15.0-cp313-cp313-manylinux_2_28_i686.whl", hash = "sha256:cd6edc7af885755163f4ffb29639c14f8a4ad5cca13ed641e47aa11f9646d8b6", size = 1680636, upload-time = "2025-12-09T09:45:45.67Z" },
    { url = "https://files.pythonhosted.org/packages/a3/e1/5b4426b8a77f9efbef70c0dbc1d64602d36ea8878f76c3607959901c978c/hidapi-0.15.0-cp313-cp313-musllinux_1_2_aarch64.whl", hash = "sha256:6ef0f80b2ff32ba446c9a2d4bfca6623ab5f0c05d742a0161ea1f7af2dc33b12", size = 708617, upload-time = "2025-12-09T09:45:48.874Z" },
    { url = "https://files.pythonhosted.org/packages/bb/a6/1ecdadc3e19f6755eed40f2111f447ec071e3d4f5f4f99b95d26a6d67219/hidapi-0.15.0-cp313-cp313-musllinux_1_2_i686.whl", hash = "sha256:6106d10873c1e465a2764e979fb96ec0d16bb926eedac829310830f90816cc76", size = 689589, upload-time = "2025-12-09T09:45:50.328Z" },
    { url = "https://files.pythonhosted.org/packages/d6/02/579af4220acdde5ab76d091edaa92f62e110f89131a56b11856f77779607/hidapi-0.15.0-cp313-cp313-musllinux_1_2_x86_64.whl", hash = "sha256:4f7a710df215ea3b53a81029488f78e7303b83f01a2e8478db20d7c9756588dd", size = 710213, upload-time = "2025-12-09T09:45:51.747Z" },
    { url = "https://files.pythonhosted.org/packages/f9/c7/52f2d903a607f024086829349383dcc7f0c22533fc242f26f9754eba2f06/hidapi-0.15.0-cp313-cp313-win32.whl", hash = "sha256:e4ddb57e71e2b8aca2c685b94b8587dc7d7cfae3c529a7c4076ba0775eb28d4a", size = 59749, upload-time = "2025-12-09T09:45:53.882Z" },
    { url = "https://files.pythonhosted.org/packages/d9/00/7dd3f866a748b0c9eb4adedaa025ec8c533ed1946e9e918661c948a5c0f4/hidapi-0.15.0-cp313-cp313-win_amd64.whl", hash = "sha256:04e0c1ed6d742bc6e1d00599394bec6b2afb8ee2fc5a0a183d3c4c2d4e315c34", size = 66362, upload-time = "2025-12-09T09:45:52.797Z" },
    { url = "https://files.pythonhosted.org/packages/0a/65/e9c70deb396f5baea92cd2ea7803914a55d455c3982367bae4390483e6cc/hidapi-0.15.0-cp314-cp314-macosx_10_15_x86_64.whl", hash = "sha256:0a6bb079bcd5152dd8968893aecdcbde3954b849896078f54df2254c0d1f301e", size = 69532, upload-time = "2025-12-09T09:45:55.269Z" },
    { url = "https://files.pythonhosted.org/packages/05/eb/d006a7e28ec63b5db76340e4aca6ff077ad336f8fbe64ac804b968927011/hidapi-0.15.0-cp314-cp314-macosx_11_0_arm64.whl", hash = "sha256:d80c745d285dfc9889e856226daa8eee6f9e83025ef2cb97e5fe0b1396f7818a", size = 69350, upload-time = "2025-12-09T09:45:56.695Z" },
    { url = "https://files.pythonhosted.org/packages/52/2b/95e7595eb61982c651ed2b3ecd9bae05a0298b668c801a992e4e814b22f2/hidapi-0.15.0-cp314-cp314-manylinux2014_x86_64.manylinux_2_17_x86_64.whl", hash = "sha256:b0f4411fd479345ca86742d9dda77200476a902749d8e47ed438f31ec98af418", size = 1065210, upload-time = "2025-12-09T09:46:02.484Z" },
    { url = "https://files.pythonhosted.org/packages/c7/a5/0344a7c223c3610510ec7f91f7220b0e5852c92d52aff23377f1c2888880/hidapi-0.15.0-cp314-cp314-manylinux_2_28_aarch64.whl", hash = "sha256:d93f7173dcbec61b928f4cf800bf26535f81ef3b7bd89199237207f6ca7e4f43", size = 1610362, upload-time = "2025-12-09T09:45:58.533Z" },
    { url = "https://files.pythonhosted.org/packages/d9/96/781212cf852705bc1db26edd4340b01b9ce04cadd5d327c00b64f7324978/hidapi-0.15.0-cp314-cp314-manylinux_2_28_i686.whl", hash = "sha256:dacf0b9e5d776fde69b92d68c09ab878a09486629e1fe8e6ae851252b0f33ce5", size = 1680942, upload-time = "2025-12-09T09:46:00.971Z" },
    { url = "https://files.pythonhosted.org/packages/d1/48/6d51a37d3a81355740a82cd265d4fc8485a0a279e4b545cbf790bd106f51/hidapi-0.15.0-cp314-cp314-musllinux_1_2_aarch64.whl", hash = "sha256:bda6ce04a77662e77a4b6b2598211935ca281e1cf663248d54bce75bd684fed8", size = 707550, upload-time = "2025-12-09T09:46:03.993Z" },
    { url = "https://files.pythonhosted.org/packages/86/77/175efa84ecea161c70948dc67b412b7444c2a196e4def8b305cb756077c6/hidapi-0.15.0-cp314-cp314-musllinux_1_2_i686.whl", hash = "sha256:74900b5c7e884e0e4316d4deb746e5dd294b5aaaf90eac056c4f9f19cf2c8097", size = 689865, upload-time = "2025-12-09T09:46:05.976Z" },
    { url = "https://files.pythonhosted.org/packages/7e/29/0e513390a8d686448672fabd30385f9cda6e01663765851d0cef88e6f0b1/hidapi-0.15.0-cp314-cp314-musllinux_1_2_x86_64.whl", hash = "sha256:76236468509dfcb256fa0fbd5a73708c598b3819695b7d08499ae489c82116b6", size = 706809, upload-time = "2025-12-09T09:46:07.309Z" },
    { url = "https://files.pythonhosted.org/packages/a2/d6/c0b9d8568fdb38eebb9caaa56643a81d92cccb5d59a5b44e0d975a0f3808/hidapi-0.15.0-cp314-cp314-win32.whl", hash = "sha256:901c03817306eac7edd589f09e0e07467871b45f665949cc4caa645b54abc97b", size = 61089, upload-time = "2025-12-09T09:46:09.59Z" },
    { url = "https://files.pythonhosted.org/packages/cb/14/3b27516b2867e53545164ebd8ef45d0c36857d2a062036e788e56e2e34ce/hidapi-0.15.0-cp314-cp314-win_amd64.whl", hash = "sha256:df0dd435562654e27ad0c7d045074eb1e1e016b09167dd48a258dec1ce4b9127", size = 67710, upload-time = "2025-12-09T09:46:08.677Z" },
    { url = "https://files.pythonhosted.org/packages/97/8f/ff034661faf99acaabe8954fb7db87c5242c79bf763dd972b23b1be5f104/hidapi-0.15.0-cp314-cp314t-macosx_10_15_x86_64.whl", hash = "sha256:2f16e9ea8a1d24ac7a6bf316905823eafd58f78ec815a93118d4710faf95a224", size = 70893, upload-time = "2025-12-09T09:46:10.625Z" },
    { url = "https://files.pythonhosted.org/packages/d8/44/617666a0919d06521d732ef07998306b8ddcbd96038e19348c831acd76e8/hidapi-0.15.0-cp314-cp314t-macosx_11_0_arm64.whl", hash = "sha256:77f0965ca81a9be44694e84aa18e501d5cda49e372202a38a52d22acc38deadd", size = 71430, upload-time = "2025-12-09T09:46:11.648Z" },
    { url = "https://files.pythonhosted.org/packages/64/64/129aed49fa45b6a5e2fd955618eebe93ff7e3889f05237da6b45051c77bb/hidapi-0.15.0-cp314-cp314t-manylinux2014_x86_64.manylinux_2_17_x86_64.whl", hash = "sha256:541c85b8225ce19b38ceacd404283ca1857345ccfa7ca12f54131203ff2d7f75", size = 1094257, upload-time = "2025-12-09T09:46:17.529Z" },
    { url = "https://files.pythonhosted.org/packages/17/ca/266ca521ff643957823a7f04a67030f6d2917e86e31c60c3d4878cd6b913/hidapi-0.15.0-cp314-cp314t-manylinux_2_28_aarch64.whl", hash = "sha256:89f909a6783307c2f067e8e7948f38ec43386f15d04759d11e5b32e3b2fdf3d8", size = 1663756, upload-time = "2025-12-09T09:46:13.403Z" },
    { url = "https://files.pythonhosted.org/packages/38/de/eb9d0fe6d9ccd2645e993930cc7fdeb6e12ddcdec086f3ef7dec947286ca/hidapi-0.15.0-cp314-cp314t-manylinux_2_28_i686.whl", hash = "sha256:fd32f311633fad21a52e750775cd4ea23da912199c63d1331f4d8ae00ab0874b", size = 1710998, upload-time = "2025-12-09T09:46:15.68Z" },
    { url = "https://files.pythonhosted.org/packages/07/43/e5c0cd80df4a65a468b7a9fc6891ea77435a75e64bb273104c37f12e05b3/hidapi-0.15.0-cp314-cp314t-musllinux_1_2_aarch64.whl", hash = "sha256:8f7ca38699557ab057333f1628a346073ae6088c09897b2cd9fbc68f4896780c", size = 751383, upload-time = "2025-12-09T09:46:19.183Z" },
    { url = "https://files.pythonhosted.org/packages/8c/8f/033e19857bcc3ad1b9880b5c0dfbaa7c945e577b7dee18919c1b2478484d/hidapi-0.15.0-cp314-cp314t-musllinux_1_2_i686.whl", hash = "sha256:1c4e707c82629637a311fa1a7adc1ae1386de7b539e84b4e37125e52e449318d", size = 722837, upload-time = "2025-12-09T09:46:20.707Z" },
    { url = "https://files.pythonhosted.org/packages/ff/f0/2b4e7ff42cdc6a6bf7def0591dfd3854af81038a1925ac1ed7a96578e834/hidapi-0.15.0-cp314-cp314t-musllinux_1_2_x86_64.whl", hash = "sha256:cc99bb16b359023190bf857297f6492a1c8441ccacff66dac881c9e278f5c262", size = 750923, upload-time = "2025-12-09T09:46:23.161Z" },
    { url = "https://files.pythonhosted.org/packages/bd/eb/c0676ff1f7e9ec9d99eaa428c66745cdab5b1742808f0c16061c85bd0b18/hidapi-0.15.0-cp314-cp314t-win32.whl", hash = "sha256:005c84c74c940a314b211674edc763a931ace0b63685ace88148496f563e25f9", size = 66288, upload-time = "2025-12-09T09:46:25.246Z" },
    { url = "https://files.pythonhosted.org/packages/cd/5b/f22dbf886824559d3e66d84710c5fb48c09856e6816885da97f2f51700eb/hidapi-0.15.0-cp314-cp314t-win_amd64.whl", hash = "sha256:e384430363d400c4ffb33fe65f22a61c9f288a870158dc5a9f5c9d917b7250c7", size = 74723, upload-time = "2025-12-09T09:46:24.36Z" },
]

[[package]]
name = "iniconfig"
version = "2.3.0"
source = { registry = "https://pypi.org/simple" }
sdist = { url = "https://files.pythonhosted.org/packages/72/34/14ca021ce8e5dfedc35312d08ba8bf51fdd999c576889fc2c24cb97f4f10/iniconfig-2.3.0.tar.gz", hash = "sha256:c76315c77db068650d49c5b56314774a7804df16fee4402c1f19d6d15d8c4730", size = 20503, upload-time = "2025-10-18T21:55:43.219Z" }
wheels = [
    { url = "https://files.pythonhosted.org/packages/cb/b1/3846dd7f199d53cb17f49cba7e651e9ce294d8497c8c150530ed11865bb8/iniconfig-2.3.0-py3-none-any.whl", hash = "sha256:f631c04d2c48c52b84d0d0549c99ff3859c98df65b3101406327ecc7d53fbf12", size = 7484, upload-time = "2025-10-18T21:55:41.639Z" },
]

[[package]]
name = "msr605x-ubuntu"
version = "1.0.0"
source = { editable = "." }
dependencies = [
    { name = "hidapi" },
    { name = "pygobject" },
]

[package.dev-dependencies]
dev = [
    { name = "pytest" },
    { name = "pytest-cov" },
    { name = "ruff" },
]

[package.metadata]
requires-dist = [
    { name = "hidapi", specifier = ">=0.14.0" },
    { name = "pygobject", specifier = ">=3.44.0" },
]

[package.metadata.requires-dev]
dev = [
    { name = "pytest", specifier = ">=7.0.0" },
    { name = "pytest-cov", specifier = ">=4.0.0" },
    { name = "ruff", specifier = ">=0.15.13" },
]

[[package]]
name = "packaging"
version = "26.0"
source = { registry = "https://pypi.org/simple" }
sdist = { url = "https://files.pythonhosted.org/packages/65/ee/299d360cdc32edc7d2cf530f3accf79c4fca01e96ffc950d8a52213bd8e4/packaging-26.0.tar.gz", hash = "sha256:00243ae351a257117b6a241061796684b084ed1c516a08c48a3f7e147a9d80b4", size = 143416, upload-time = "2026-01-21T20:50:39.064Z" }
wheels = [
    { url = "https://files.pythonhosted.org/packages/b7/b9/c538f279a4e237a006a2c98387d081e9eb060d203d8ed34467cc0f0b9b53/packaging-26.0-py3-none-any.whl", hash = "sha256:b36f1fef9334a5588b4166f8bcd26a14e521f2b55e6b9de3aaa80d3ff7a37529", size = 74366, upload-time = "2026-01-21T20:50:37.788Z" },
]

[[package]]
name = "pluggy"
version = "1.6.0"
source = { registry = "https://pypi.org/simple" }
sdist = { url = "https://files.pythonhosted.org/packages/f9/e2/3e91f31a7d2b083fe6ef3fa267035b518369d9511ffab804f839851d2779/pluggy-1.6.0.tar.gz", hash = "sha256:7dcc130b76258d33b90f61b658791dede3486c3e6bfb003ee5c9bfb396dd22f3", size = 69412, upload-time = "2025-05-15T12:30:07.975Z" }
wheels = [
    { url = "https://files.pythonhosted.org/packages/54/20/4d324d65cc6d9205fabedc306948156824eb9f0ee1633355a8f7ec5c66bf/pluggy-1.6.0-py3-none-any.whl", hash = "sha256:e920276dd6813095e9377c0bc5566d94c932c33b27a3e3945d8389c374dd4746", size = 20538, upload-time = "2025-05-15T12:30:06.134Z" },
]

[[package]]
name = "pycairo"
version = "1.29.0"
source = { registry = "https://pypi.org/simple" }
sdist = { url = "https://files.pythonhosted.org/packages/22/d9/1728840a22a4ef8a8f479b9156aa2943cd98c3907accd3849fb0d5f82bfd/pycairo-1.29.0.tar.gz", hash = "sha256:f3f7fde97325cae80224c09f12564ef58d0d0f655da0e3b040f5807bd5bd3142", size = 665871, upload-time = "2025-11-11T19:13:01.584Z" }
wheels = [
    { url = "https://files.pythonhosted.org/packages/f0/21/3f477dc318dd4e84a5ae6301e67284199d7e5a2384f3063714041086b65d/pycairo-1.29.0-cp313-cp313-win32.whl", hash = "sha256:3eb382a4141591807073274522f7aecab9e8fa2f14feafd11ac03a13a58141d7", size = 750949, upload-time = "2025-11-11T19:12:12.198Z" },
    { url = "https://files.pythonhosted.org/packages/43/34/7d27a333c558d6ac16dbc12a35061d389735e99e494ee4effa4ec6d99bed/pycairo-1.29.0-cp313-cp313-win_amd64.whl", hash = "sha256:91114e4b3fbf4287c2b0788f83e1f566ce031bda49cf1c3c3c19c3e986e95c38", size = 844149, upload-time = "2025-11-11T19:12:19.171Z" },
    { url = "https://files.pythonhosted.org/packages/15/43/e782131e23df69e5c8e631a016ed84f94bbc4981bf6411079f57af730a23/pycairo-1.29.0-cp313-cp313-win_arm64.whl", hash = "sha256:09b7f69a5ff6881e151354ea092137b97b0b1f0b2ab4eb81c92a02cc4a08e335", size = 693595, upload-time = "2025-11-11T19:12:23.445Z" },
    { url = "https://files.pythonhosted.org/packages/2d/fa/87eaeeb9d53344c769839d7b2854db7ff2cd596211e00dd1b702eeb1838f/pycairo-1.29.0-cp314-cp314-win32.whl", hash = "sha256:69e2a7968a3fbb839736257bae153f547bca787113cc8d21e9e08ca4526e0b6b", size = 767198, upload-time = "2025-11-11T19:12:42.336Z" },
    { url = "https://files.pythonhosted.org/packages/3c/90/3564d0f64d0a00926ab863dc3c4a129b1065133128e96900772e1c4421f8/pycairo-1.29.0-cp314-cp314-win_amd64.whl", hash = "sha256:e91243437a21cc4c67c401eff4433eadc45745275fa3ade1a0d877e50ffb90da", size = 871579, upload-time = "2025-11-11T19:12:48.982Z" },
    { url = "https://files.pythonhosted.org/packages/5e/91/93632b6ba12ad69c61991e3208bde88486fdfc152be8cfdd13444e9bc650/pycairo-1.29.0-cp314-cp314-win_arm64.whl", hash = "sha256:b72200ea0e5f73ae4c788cd2028a750062221385eb0e6d8f1ecc714d0b4fdf82", size = 719537, upload-time = "2025-11-11T19:12:55.016Z" },
    { url = "https://files.pythonhosted.org/packages/93/23/37053c039f8d3b9b5017af9bc64d27b680c48a898d48b72e6d6583cf0155/pycairo-1.29.0-cp314-cp314t-win_amd64.whl", hash = "sha256:5e45fce6185f553e79e4ef1722b8e98e6cde9900dbc48cb2637a9ccba86f627a", size = 874015, upload-time = "2025-11-11T19:12:28.47Z" },
    { url = "https://files.pythonhosted.org/packages/d7/54/123f6239685f5f3f2edc123f1e38d2eefacebee18cf3c532d2f4bd51d0ef/pycairo-1.29.0-cp314-cp314t-win_arm64.whl", hash = "sha256:caba0837a4b40d47c8dfb0f24cccc12c7831e3dd450837f2a356c75f21ce5a15", size = 721404, upload-time = "2025-11-11T19:12:36.919Z" },
]

[[package]]
name = "pygments"
version = "2.20.0"
source = { registry = "https://pypi.org/simple" }
sdist = { url = "https://files.pythonhosted.org/packages/c3/b2/bc9c9196916376152d655522fdcebac55e66de6603a76a02bca1b6414f6c/pygments-2.20.0.tar.gz", hash = "sha256:6757cd03768053ff99f3039c1a36d6c0aa0b263438fcab17520b30a303a82b5f", size = 4955991, upload-time = "2026-03-29T13:29:33.898Z" }
wheels = [
    { url = "https://files.pythonhosted.org/packages/f4/7e/a72dd26f3b0f4f2bf1dd8923c85f7ceb43172af56d63c7383eb62b332364/pygments-2.20.0-py3-none-any.whl", hash = "sha256:81a9e26dd42fd28a23a2d169d86d7ac03b46e2f8b59ed4698fb4785f946d0176", size = 1231151, upload-time = "2026-03-29T13:29:30.038Z" },
]

[[package]]
name = "pygobject"
version = "3.56.2"
source = { registry = "https://pypi.org/simple" }
dependencies = [
    { name = "pycairo" },
]
sdist = { url = "https://files.pythonhosted.org/packages/a2/80/09247a2be28af2c2240132a0af6c1005a2b1d089242b13a2cd782d2de8d7/pygobject-3.56.2.tar.gz", hash = "sha256:b816098969544081de9eecedb94ad6ac59c77e4d571fe7051f18bebcec074313", size = 1409059, upload-time = "2026-03-25T16:14:04.008Z" }

[[package]]
name = "pytest"
version = "9.0.3"
source = { registry = "https://pypi.org/simple" }
dependencies = [
    { name = "colorama", marker = "sys_platform == 'win32'" },
    { name = "iniconfig" },
    { name = "packaging" },
    { name = "pluggy" },
    { name = "pygments" },
]
sdist = { url = "https://files.pythonhosted.org/packages/7d/0d/549bd94f1a0a402dc8cf64563a117c0f3765662e2e668477624baeec44d5/pytest-9.0.3.tar.gz", hash = "sha256:b86ada508af81d19edeb213c681b1d48246c1a91d304c6c81a427674c17eb91c", size = 1572165, upload-time = "2026-04-07T17:16:18.027Z" }
wheels = [
    { url = "https://files.pythonhosted.org/packages/d4/24/a372aaf5c9b7208e7112038812994107bc65a84cd00e0354a88c2c77a617/pytest-9.0.3-py3-none-any.whl", hash = "sha256:2c5efc453d45394fdd706ade797c0a81091eccd1d6e4bccfcd476e2b8e0ab5d9", size = 375249, upload-time = "2026-04-07T17:16:16.13Z" },
]

[[package]]
name = "pytest-cov"
version = "7.1.0"
source = { registry = "https://pypi.org/simple" }
dependencies = [
    { name = "coverage" },
    { name = "pluggy" },
    { name = "pytest" },
]
sdist = { url = "https://files.pythonhosted.org/packages/b1/51/a849f96e117386044471c8ec2bd6cfebacda285da9525c9106aeb28da671/pytest_cov-7.1.0.tar.gz", hash = "sha256:30674f2b5f6351aa09702a9c8c364f6a01c27aae0c1366ae8016160d1efc56b2", size = 55592, upload-time = "2026-03-21T20:11:16.284Z" }
wheels = [
    { url = "https://files.pythonhosted.org/packages/9d/7a/d968e294073affff457b041c2be9868a40c1c71f4a35fcc1e45e5493067b/pytest_cov-7.1.0-py3-none-any.whl", hash = "sha256:a0461110b7865f9a271aa1b51e516c9a95de9d696734a2f71e3e78f46e1d4678", size = 22876, upload-time = "2026-03-21T20:11:14.438Z" },
]

[[package]]
name = "ruff"
version = "0.15.13"
source = { registry = "https://pypi.org/simple" }
sdist = { url = "https://files.pythonhosted.org/packages/24/21/a7d5c126d5b557715ef81098f3db2fe20f622a039ff2e626af28d674ab80/ruff-0.15.13.tar.gz", hash = "sha256:f9d89f17f7ba7fb2ed42921f0df75da797a9a5d71bc39049e2c687cf2baf44b7", size = 4678180, upload-time = "2026-05-14T13:44:37.869Z" }
wheels = [
    { url = "https://files.pythonhosted.org/packages/c6/61/11d458dc6ac22504fd8e237b29dfd40504c7fbbcc8930402cfe51a8e63ed/ruff-0.15.13-py3-none-linux_armv6l.whl", hash = "sha256:444b580fc72fd6887e650acd3e575e18cdc79dbcf42fb4030b491057921f61f8", size = 10738279, upload-time = "2026-05-14T13:44:18.7Z" },
    { url = "https://files.pythonhosted.org/packages/86/ca/caa871ee7be718c45256fada4e16a218ee3e33f0c4a46b729a60a24912e6/ruff-0.15.13-py3-none-macosx_10_12_x86_64.whl", hash = "sha256:6590d009e7cb7ebf36f83dbdd44a3fa48a0994ff6f1cdc1b08006abe58f98dc7", size = 11124798, upload-time = "2026-05-14T13:44:06.427Z" },
    { url = "https://files.pythonhosted.org/packages/d3/19/43f5f2e568dddde567fc41f8471f9432c09563e19d3e617a48cfa52f8f0a/ruff-0.15.13-py3-none-macosx_11_0_arm64.whl", hash = "sha256:1c26d2f66163deeb6e08d8b39fbbe983ce3c71cea06a6d7591cfd1421793c629", size = 10460761, upload-time = "2026-05-14T13:44:04.375Z" },
    { url = "https://files.pythonhosted.org/packages/99/df/cf938cd6de3003178f03ad7c1ea2a6c099468c03a35037985070b37e76be/ruff-0.15.13-py3-none-manylinux_2_17_aarch64.manylinux2014_aarch64.whl", hash = "sha256:9dbd6f94b434f896308e4d57fb7bfde0d02b99f7a64b3bdab0fdfa6a864203a5", size = 10804451, upload-time = "2026-05-14T13:44:25.221Z" },
    { url = "https://files.pythonhosted.org/packages/c7/7d/5d0973129b154ded2225729169d7068f26b467760b146493fde138415f23/ruff-0.15.13-py3-none-manylinux_2_17_armv7l.manylinux2014_armv7l.whl", hash = "sha256:bf3259f3be4d181bda591da5db2571aed6853c6a048157756448020bc6c5cd22", size = 10534285, upload-time = "2026-05-14T13:44:08.888Z" },
    { url = "https://files.pythonhosted.org/packages/1f/e3/6b999bbc66cd51e5f073842bc2a3995e99c5e0e72e16b15e7261f7abf57a/ruff-0.15.13-py3-none-manylinux_2_17_i686.manylinux2014_i686.whl", hash = "sha256:ae9c17e5eb4430c154e76abc25d79a318190f5a997f38fb6b114416c5319ffc9", size = 11312063, upload-time = "2026-05-14T13:44:11.274Z" },
    { url = "https://files.pythonhosted.org/packages/af/5a/642639e9f5db04f1e97fbd6e091c6fd20725bdf072fb114d00eefb9e6eb8/ruff-0.15.13-py3-none-manylinux_2_17_ppc64le.manylinux2014_ppc64le.whl", hash = "sha256:2e2e39bff6c341f4b577a21b801326fab0b11847f48fcaa83f00a113c9b3cb55", size = 12183079, upload-time = "2026-05-14T13:44:01.634Z" },
    { url = "https://files.pythonhosted.org/packages/19/4c/7585735f6b53b0f12de13618b2f7d250a844f018822efc899df2e7b8295f/ruff-0.15.13-py3-none-manylinux_2_17_s390x.manylinux2014_s390x.whl", hash = "sha256:e8d9a8e08013542e94d3220bc5b62cc3e5ef87c5f74bff367d3fac14fab013e6", size = 11440833, upload-time = "2026-05-14T13:43:59.043Z" },
    { url = "https://files.pythonhosted.org/packages/e8/31/bf1a0803d077e679cfeee5f2f67290a0fa79c7385b5d9a8c17b9db2c48f0/ruff-0.15.13-py3-none-manylinux_2_17_x86_64.manylinux2014_x86_64.whl", hash = "sha256:cc411dfebe5eebe55ce041c6ae080eb7668955e866daa2fbb16692a784f1c4ca", size = 11434486, upload-time = "2026-05-14T13:44:27.761Z" },
    { url = "https://files.pythonhosted.org/packages/e1/4e/62c9b999875d4f14db80f277c030578f5e249c9852d65b7ac7ad0b43c041/ruff-0.15.13-py3-none-manylinux_2_31_riscv64.whl", hash = "sha256:768494eb08b9cee54e2fd27969966f74db5a57f6eaa7a90fcb3306af34dfc4bd", size = 11385189, upload-time = "2026-05-14T13:44:13.704Z" },
    { url = "https://files.pythonhosted.org/packages/fc/89/7e959047a104df3eb12863447c110140191fc5b6c4f379ea2e803fcdb0e4/ruff-0.15.13-py3-none-musllinux_1_2_aarch64.whl", hash = "sha256:fb75f9a3a7e42ffe117d734494e6c5e5cb3565d66e12612cb63d0e572a41a5b6", size = 10781380, upload-time = "2026-05-14T13:43:56.734Z" },
    { url = "https://files.pythonhosted.org/packages/ff/52/5fd18f3b88cab63e88aa11516b3b4e1e5f720e5c330f8dbe5c26210f41f8/ruff-0.15.13-py3-none-musllinux_1_2_armv7l.whl", hash = "sha256:8cb74dd33bb2f6613faf7fc03b660053b5ac4f80e706d5788c6335e2a8048d51", size = 10540605, upload-time = "2026-05-14T13:44:20.748Z" },
    { url = "https://files.pythonhosted.org/packages/e8/e0/9e35f338990d3e41a82875ff7053ffe97541dae81c9d02143177f381d572/ruff-0.15.13-py3-none-musllinux_1_2_i686.whl", hash = "sha256:7ef823f817fcd191dc934e984be9cf4094f808effa16f2542ad8e821ba02bbf2", size = 11036554, upload-time = "2026-05-14T13:44:16.256Z" },
    { url = "https://files.pythonhosted.org/packages/c2/13/070fb048c24080fba188f66371e2a92785be257ad02242066dc7255ac6e9/ruff-0.15.13-py3-none-musllinux_1_2_x86_64.whl", hash = "sha256:f345a13937bd7f09f6f5d19fa0721b0c103e00e7f62bc67089a8e5e037719e0b", size = 11528133, upload-time = "2026-05-14T13:44:22.808Z" },
    { url = "https://files.pythonhosted.org/packages/6b/8c/b1e1666aef7fc6555094d73ae6cd981701781ae85b97ceefc0eebd0b4668/ruff-0.15.13-py3-none-win32.whl", hash = "sha256:4044f94208b3b05ba0fc4a4abd0558cf4d6459bd18325eead7fd8cc66f909b41", size = 10721455, upload-time = "2026-05-14T13:44:35.697Z" },
    { url = "https://files.pythonhosted.org/packages/ab/a6/870a3e8a50590bb92be184ad928c2922f088b00d9dc5c5ec7b924ee08c22/ruff-0.15.13-py3-none-win_amd64.whl", hash = "sha256:7064884d442b7d477b4e7473d12da7f08851d2b1982763c5d3f388a19468a1a4", size = 11900409, upload-time = "2026-05-14T13:44:30.389Z" },
    { url = "https://files.pythonhosted.org/packages/9b/36/9c015cd052fca743dae8cb2aeb16b551444787467db42ceab0fc968865af/ruff-0.15.13-py3-none-win_arm64.whl", hash = "sha256:2471da9bd1068c8c064b5fd9c0c4b6dddffd6369cb1cd68b29993b1709ff1b21", size = 11179336, upload-time = "2026-05-14T13:44:33.026Z" },
]
